
Microsoft Visual Studio Solution File, Format Version 12.00
# Visual Studio 15
VisualStudioVersion = 15.0.26124.0
MinimumVisualStudioVersion = 15.0.26124.0
Project("{2150E333-8FDC-42A3-9474-1A3956D46DE8}") = "src", "src", "{FC2AF4E6-EDA2-437E-8C14-FDB96457AEEC}"
EndProject
Project("{FAE04EC0-301F-11D3-BF4B-00C04F79EFBC}") = "LinkChecker.Domain", "src\LinkChecker.Domain\LinkChecker.Domain.csproj", "{59057DC9-C497-4969-B038-448CE7F30460}"
EndProject
Project("{FAE04EC0-301F-11D3-BF4B-00C04F79EFBC}") = "LinkChecker.Logic", "src\LinkChecker.Logic\LinkChecker.Logic.csproj", "{E13749E5-7706-4F1A-9242-35279CFA400D}"
EndProject
Project("{2150E333-8FDC-42A3-9474-1A3956D46DE8}") = "test", "test", "{5F85D1F9-5629-4AFB-96ED-07694C0EDC72}"
EndProject
Project("{FAE04EC0-301F-11D3-BF4B-00C04F79EFBC}") = "LinkChecker.Logic.Tests", "test\LinkChecker.Logic.Tests\LinkChecker.Logic.Tests.csproj", "{496AA904-D1E4-4AC3-AE52-DE9877626CA4}"
EndProject
Project("{FAE04EC0-301F-11D3-BF4B-00C04F79EFBC}") = "LinkChecker.Cli", "src\LinkChecker.Cli\LinkChecker.Cli.csproj", "{DF71F12D-54FB-406F-A3FA-D052C8E73584}"
EndProject
Project("{FAE04EC0-301F-11D3-BF4B-00C04F79EFBC}") = "LinkChecker.Cli.Tests", "test\LinkChecker.Cli.Tests\LinkChecker.Cli.Tests.csproj", "{57ED1C84-2FBC-4463-9BB1-B93CA4AC7EAC}"
EndProject
Global
	GlobalSection(SolutionConfigurationPlatforms) = preSolution
		Debug|Any CPU = Debug|Any CPU
		Debug|x64 = Debug|x64
		Debug|x86 = Debug|x86
		Release|Any CPU = Release|Any CPU
		Release|x64 = Release|x64
		Release|x86 = Release|x86
	EndGlobalSection
	GlobalSection(SolutionProperties) = preSolution
		HideSolutionNode = FALSE
	EndGlobalSection
	GlobalSection(ProjectConfigurationPlatforms) = postSolution
		{59057DC9-C497-4969-B038-448CE7F30460}.Debug|Any CPU.ActiveCfg = Debug|Any CPU
		{59057DC9-C497-4969-B038-448CE7F30460}.Debug|Any CPU.Build.0 = Debug|Any CPU
		{59057DC9-C497-4969-B038-448CE7F30460}.Debug|x64.ActiveCfg = Debug|Any CPU
		{59057DC9-C497-4969-B038-448CE7F30460}.Debug|x64.Build.0 = Debug|Any CPU
		{59057DC9-C497-4969-B038-448CE7F30460}.Debug|x86.ActiveCfg = Debug|Any CPU
		{59057DC9-C497-4969-B038-448CE7F30460}.Debug|x86.Build.0 = Debug|Any CPU
		{59057DC9-C497-4969-B038-448CE7F30460}.Release|Any CPU.ActiveCfg = Release|Any CPU
		{59057DC9-C497-4969-B038-448CE7F30460}.Release|Any CPU.Build.0 = Release|Any CPU
		{59057DC9-C497-4969-B038-448CE7F30460}.Release|x64.ActiveCfg = Release|Any CPU
		{59057DC9-C497-4969-B038-448CE7F30460}.Release|x64.Build.0 = Release|Any CPU
		{59057DC9-C497-4969-B038-448CE7F30460}.Release|x86.ActiveCfg = Release|Any CPU
		{59057DC9-C497-4969-B038-448CE7F30460}.Release|x86.Build.0 = Release|Any CPU
		{E13749E5-7706-4F1A-9242-35279CFA400D}.Debug|Any CPU.ActiveCfg = Debug|Any CPU
		{E13749E5-7706-4F1A-9242-35279CFA400D}.Debug|Any CPU.Build.0 = Debug|Any CPU
		{E13749E5-7706-4F1A-9242-35279CFA400D}.Debug|x64.ActiveCfg = Debug|Any CPU
		{E13749E5-7706-4F1A-9242-35279CFA400D}.Debug|x64.Build.0 = Debug|Any CPU
		{E13749E5-7706-4F1A-9242-35279CFA400D}.Debug|x86.ActiveCfg = Debug|Any CPU
		{E13749E5-7706-4F1A-9242-35279CFA400D}.Debug|x86.Build.0 = Debug|Any CPU
		{E13749E5-7706-4F1A-9242-35279CFA400D}.Release|Any CPU.ActiveCfg = Release|Any CPU
		{E13749E5-7706-4F1A-9242-35279CFA400D}.Release|Any CPU.Build.0 = Release|Any CPU
		{E13749E5-7706-4F1A-9242-35279CFA400D}.Release|x64.ActiveCfg = Release|Any CPU
		{E13749E5-7706-4F1A-9242-35279CFA400D}.Release|x64.Build.0 = Release|Any CPU
		{E13749E5-7706-4F1A-9242-35279CFA400D}.Release|x86.ActiveCfg = Release|Any CPU
		{E13749E5-7706-4F1A-9242-35279CFA400D}.Release|x86.Build.0 = Release|Any CPU
		{496AA904-D1E4-4AC3-AE52-DE9877626CA4}.Debug|Any CPU.ActiveCfg = Debug|Any CPU
		{496AA904-D1E4-4AC3-AE52-DE9877626CA4}.Debug|Any CPU.Build.0 = Debug|Any CPU
		{496AA904-D1E4-4AC3-AE52-DE9877626CA4}.Debug|x64.ActiveCfg = Debug|Any CPU
		{496AA904-D1E4-4AC3-AE52-DE9877626CA4}.Debug|x64.Build.0 = Debug|Any CPU
		{496AA904-D1E4-4AC3-AE52-DE9877626CA4}.Debug|x86.ActiveCfg = Debug|Any CPU
		{496AA904-D1E4-4AC3-AE52-DE9877626CA4}.Debug|x86.Build.0 = Debug|Any CPU
		{496AA904-D1E4-4AC3-AE52-DE9877626CA4}.Release|Any CPU.ActiveCfg = Release|Any CPU
		{496AA904-D1E4-4AC3-AE52-DE9877626CA4}.Release|Any CPU.Build.0 = Release|Any CPU
		{496AA904-D1E4-4AC3-AE52-DE9877626CA4}.Release|x64.ActiveCfg = Release|Any CPU
		{496AA904-D1E4-4AC3-AE52-DE9877626CA4}.Release|x64.Build.0 = Release|Any CPU
		{496AA904-D1E4-4AC3-AE52-DE9877626CA4}.Release|x86.ActiveCfg = Release|Any CPU
		{496AA904-D1E4-4AC3-AE52-DE9877626CA4}.Release|x86.Build.0 = Release|Any CPU
		{DF71F12D-54FB-406F-A3FA-D052C8E73584}.Debug|Any CPU.ActiveCfg = Debug|Any CPU
		{DF71F12D-54FB-406F-A3FA-D052C8E73584}.Debug|Any CPU.Build.0 = Debug|Any CPU
		{DF71F12D-54FB-406F-A3FA-D052C8E73584}.Debug|x64.ActiveCfg = Debug|Any CPU
		{DF71F12D-54FB-406F-A3FA-D052C8E73584}.Debug|x64.Build.0 = Debug|Any CPU
		{DF71F12D-54FB-406F-A3FA-D052C8E73584}.Debug|x86.ActiveCfg = Debug|Any CPU
		{DF71F12D-54FB-406F-A3FA-D052C8E73584}.Debug|x86.Build.0 = Debug|Any CPU
		{DF71F12D-54FB-406F-A3FA-D052C8E73584}.Release|Any CPU.ActiveCfg = Release|Any CPU
		{DF71F12D-54FB-406F-A3FA-D052C8E73584}.Release|Any CPU.Build.0 = Release|Any CPU
		{DF71F12D-54FB-406F-A3FA-D052C8E73584}.Release|x64.ActiveCfg = Release|Any CPU
		{DF71F12D-54FB-406F-A3FA-D052C8E73584}.Release|x64.Build.0 = Release|Any CPU
		{DF71F12D-54FB-406F-A3FA-D052C8E73584}.Release|x86.ActiveCfg = Release|Any CPU
		{DF71F12D-54FB-406F-A3FA-D052C8E73584}.Release|x86.Build.0 = Release|Any CPU
		{57ED1C84-2FBC-4463-9BB1-B93CA4AC7EAC}.Debug|Any CPU.ActiveCfg = Debug|Any CPU
		{57ED1C84-2FBC-4463-9BB1-B93CA4AC7EAC}.Debug|Any CPU.Build.0 = Debug|Any CPU
		{57ED1C84-2FBC-4463-9BB1-B93CA4AC7EAC}.Debug|x64.ActiveCfg = Debug|Any CPU
		{57ED1C84-2FBC-4463-9BB1-B93CA4AC7EAC}.Debug|x64.Build.0 = Debug|Any CPU
		{57ED1C84-2FBC-4463-9BB1-B93CA4AC7EAC}.Debug|x86.ActiveCfg = Debug|Any CPU
		{57ED1C84-2FBC-4463-9BB1-B93CA4AC7EAC}.Debug|x86.Build.0 = Debug|Any CPU
		{57ED1C84-2FBC-4463-9BB1-B93CA4AC7EAC}.Release|Any CPU.ActiveCfg = Release|Any CPU
		{57ED1C84-2FBC-4463-9BB1-B93CA4AC7EAC}.Release|Any CPU.Build.0 = Release|Any CPU
		{57ED1C84-2FBC-4463-9BB1-B93CA4AC7EAC}.Release|x64.ActiveCfg = Release|Any CPU
		{57ED1C84-2FBC-4463-9BB1-B93CA4AC7EAC}.Release|x64.Build.0 = Release|Any CPU
		{57ED1C84-2FBC-4463-9BB1-B93CA4AC7EAC}.Release|x86.ActiveCfg = Release|Any CPU
		{57ED1C84-2FBC-4463-9BB1-B93CA4AC7EAC}.Release|x86.Build.0 = Release|Any CPU
	EndGlobalSection
	GlobalSection(NestedProjects) = preSolution
		{59057DC9-C497-4969-B038-448CE7F30460} = {FC2AF4E6-EDA2-437E-8C14-FDB96457AEEC}
		{E13749E5-7706-4F1A-9242-35279CFA400D} = {FC2AF4E6-EDA2-437E-8C14-FDB96457AEEC}
		{496AA904-D1E4-4AC3-AE52-DE9877626CA4} = {5F85D1F9-5629-4AFB-96ED-07694C0EDC72}
		{DF71F12D-54FB-406F-A3FA-D052C8E73584} = {FC2AF4E6-EDA2-437E-8C14-FDB96457AEEC}
		{57ED1C84-2FBC-4463-9BB1-B93CA4AC7EAC} = {5F85D1F9-5629-4AFB-96ED-07694C0EDC72}
	EndGlobalSection
EndGlobal
